
Microsoft Visual Studio Solution File, Format Version 12.00
# Visual Studio Version 17
VisualStudioVersion = 17.11.35219.272
MinimumVisualStudioVersion = 10.0.40219.1
Project("{FAE04EC0-301F-11D3-BF4B-00C04F79EFBC}") = "Bai_05", "Bai_05\Bai_05.csproj", "{780E0F6C-735A-4315-8050-22D5E1BB2217}"
EndProject
Global
	GlobalSection(SolutionConfigurationPlatforms) = preSolution
		Debug|Any CPU = Debug|Any CPU
		Release|Any CPU = Release|Any CPU
	EndGlobalSection
	GlobalSection(ProjectConfigurationPlatforms) = postSolution
		{780E0F6C-735A-4315-8050-22D5E1BB2217}.Debug|Any CPU.ActiveCfg = Debug|Any CPU
		{780E0F6C-735A-4315-8050-22D5E1BB2217}.Debug|Any CPU.Build.0 = Debug|Any CPU
		{780E0F6C-735A-4315-8050-22D5E1BB2217}.Release|Any CPU.ActiveCfg = Release|Any CPU
		{780E0F6C-735A-4315-8050-22D5E1BB2217}.Release|Any CPU.Build.0 = Release|Any CPU
	EndGlobalSection
	GlobalSection(SolutionProperties) = preSolution
		HideSolutionNode = FALSE
	EndGlobalSection
	GlobalSection(ExtensibilityGlobals) = postSolution
		SolutionGuid = {AD3921C7-2577-482D-BF49-80F76529E267}
	EndGlobalSection
EndGlobal
